
Microsoft Visual Studio Solution File, Format Version 12.00
# Visual Studio Version 17
VisualStudioVersion = 17.6.33815.320
MinimumVisualStudioVersion = 10.0.40219.1
Project("{FAE04EC0-301F-11D3-BF4B-00C04F79EFBC}") = "Hello world", "First Steps In Coding - Lab\Hello world.csproj", "{2DD0330A-254B-4F0D-A7B7-92EAF7C25772}"
EndProject
Project("{FAE04EC0-301F-11D3-BF4B-00C04F79EFBC}") = "Nums 1--10", "Nums 1--10\Nums 1--10.csproj", "{E362F739-4413-45E7-9A26-3725CC8E285B}"
EndProject
Project("{FAE04EC0-301F-11D3-BF4B-00C04F79EFBC}") = "Rectangle Area", "Rectangle Area\Rectangle Area.csproj", "{74C75688-BD0C-4246-9C7B-7D56A9760A79}"
EndProject
Project("{FAE04EC0-301F-11D3-BF4B-00C04F79EFBC}") = "Inches to Centimeters", "Inches to Centimeters\Inches to Centimeters.csproj", "{A5343395-AD61-4989-9E92-F751ADE64F85}"
EndProject
Project("{FAE04EC0-301F-11D3-BF4B-00C04F79EFBC}") = "Greeting by Name", "Greeting by Name\Greeting by Name.csproj", "{16074B74-863D-4073-82C5-F0F7FEA9F521}"
EndProject
Project("{FAE04EC0-301F-11D3-BF4B-00C04F79EFBC}") = "Concatenate Data", "Concatenate Data\Concatenate Data.csproj", "{32BC35C0-C80B-4F4F-8A83-C233CD5E51FC}"
EndProject
Project("{FAE04EC0-301F-11D3-BF4B-00C04F79EFBC}") = "Projects Creation", "Projects Creation\Projects Creation.csproj", "{5C6098A8-BE7C-41CF-B5A3-B56AF63F2449}"
EndProject
Project("{FAE04EC0-301F-11D3-BF4B-00C04F79EFBC}") = "Pet Shop", "Pet Shop\Pet Shop.csproj", "{11535A54-8D3C-48B4-9394-07BF2230C02F}"
EndProject
Project("{FAE04EC0-301F-11D3-BF4B-00C04F79EFBC}") = "Yard Greening", "Yard Greening\Yard Greening.csproj", "{A4420AE9-9A5E-4104-B04B-8EA78C34F420}"
EndProject
Global
	GlobalSection(SolutionConfigurationPlatforms) = preSolution
		Debug|Any CPU = Debug|Any CPU
		Release|Any CPU = Release|Any CPU
	EndGlobalSection
	GlobalSection(ProjectConfigurationPlatforms) = postSolution
		{2DD0330A-254B-4F0D-A7B7-92EAF7C25772}.Debug|Any CPU.ActiveCfg = Debug|Any CPU
		{2DD0330A-254B-4F0D-A7B7-92EAF7C25772}.Debug|Any CPU.Build.0 = Debug|Any CPU
		{2DD0330A-254B-4F0D-A7B7-92EAF7C25772}.Release|Any CPU.ActiveCfg = Release|Any CPU
		{2DD0330A-254B-4F0D-A7B7-92EAF7C25772}.Release|Any CPU.Build.0 = Release|Any CPU
		{E362F739-4413-45E7-9A26-3725CC8E285B}.Debug|Any CPU.ActiveCfg = Debug|Any CPU
		{E362F739-4413-45E7-9A26-3725CC8E285B}.Debug|Any CPU.Build.0 = Debug|Any CPU
		{E362F739-4413-45E7-9A26-3725CC8E285B}.Release|Any CPU.ActiveCfg = Release|Any CPU
		{E362F739-4413-45E7-9A26-3725CC8E285B}.Release|Any CPU.Build.0 = Release|Any CPU
		{74C75688-BD0C-4246-9C7B-7D56A9760A79}.Debug|Any CPU.ActiveCfg = Debug|Any CPU
		{74C75688-BD0C-4246-9C7B-7D56A9760A79}.Debug|Any CPU.Build.0 = Debug|Any CPU
		{74C75688-BD0C-4246-9C7B-7D56A9760A79}.Release|Any CPU.ActiveCfg = Release|Any CPU
		{74C75688-BD0C-4246-9C7B-7D56A9760A79}.Release|Any CPU.Build.0 = Release|Any CPU
		{A5343395-AD61-4989-9E92-F751ADE64F85}.Debug|Any CPU.ActiveCfg = Debug|Any CPU
		{A5343395-AD61-4989-9E92-F751ADE64F85}.Debug|Any CPU.Build.0 = Debug|Any CPU
		{A5343395-AD61-4989-9E92-F751ADE64F85}.Release|Any CPU.ActiveCfg = Release|Any CPU
		{A5343395-AD61-4989-9E92-F751ADE64F85}.Release|Any CPU.Build.0 = Release|Any CPU
		{16074B74-863D-4073-82C5-F0F7FEA9F521}.Debug|Any CPU.ActiveCfg = Debug|Any CPU
		{16074B74-863D-4073-82C5-F0F7FEA9F521}.Debug|Any CPU.Build.0 = Debug|Any CPU
		{16074B74-863D-4073-82C5-F0F7FEA9F521}.Release|Any CPU.ActiveCfg = Release|Any CPU
		{16074B74-863D-4073-82C5-F0F7FEA9F521}.Release|Any CPU.Build.0 = Release|Any CPU
		{32BC35C0-C80B-4F4F-8A83-C233CD5E51FC}.Debug|Any CPU.ActiveCfg = Debug|Any CPU
		{32BC35C0-C80B-4F4F-8A83-C233CD5E51FC}.Debug|Any CPU.Build.0 = Debug|Any CPU
		{32BC35C0-C80B-4F4F-8A83-C233CD5E51FC}.Release|Any CPU.ActiveCfg = Release|Any CPU
		{32BC35C0-C80B-4F4F-8A83-C233CD5E51FC}.Release|Any CPU.Build.0 = Release|Any CPU
		{5C6098A8-BE7C-41CF-B5A3-B56AF63F2449}.Debug|Any CPU.ActiveCfg = Debug|Any CPU
		{5C6098A8-BE7C-41CF-B5A3-B56AF63F2449}.Debug|Any CPU.Build.0 = Debug|Any CPU
		{5C6098A8-BE7C-41CF-B5A3-B56AF63F2449}.Release|Any CPU.ActiveCfg = Release|Any CPU
		{5C6098A8-BE7C-41CF-B5A3-B56AF63F2449}.Release|Any CPU.Build.0 = Release|Any CPU
		{11535A54-8D3C-48B4-9394-07BF2230C02F}.Debug|Any CPU.ActiveCfg = Debug|Any CPU
		{11535A54-8D3C-48B4-9394-07BF2230C02F}.Debug|Any CPU.Build.0 = Debug|Any CPU
		{11535A54-8D3C-48B4-9394-07BF2230C02F}.Release|Any CPU.ActiveCfg = Release|Any CPU
		{11535A54-8D3C-48B4-9394-07BF2230C02F}.Release|Any CPU.Build.0 = Release|Any CPU
		{A4420AE9-9A5E-4104-B04B-8EA78C34F420}.Debug|Any CPU.ActiveCfg = Debug|Any CPU
		{A4420AE9-9A5E-4104-B04B-8EA78C34F420}.Debug|Any CPU.Build.0 = Debug|Any CPU
		{A4420AE9-9A5E-4104-B04B-8EA78C34F420}.Release|Any CPU.ActiveCfg = Release|Any CPU
		{A4420AE9-9A5E-4104-B04B-8EA78C34F420}.Release|Any CPU.Build.0 = Release|Any CPU
	EndGlobalSection
	GlobalSection(SolutionProperties) = preSolution
		HideSolutionNode = FALSE
	EndGlobalSection
	GlobalSection(ExtensibilityGlobals) = postSolution
		SolutionGuid = {BC79000F-AA77-4339-9DA5-A8402AE40785}
	EndGlobalSection
EndGlobal
